
Microsoft Visual Studio Solution File, Format Version 12.00
# Visual Studio Version 17
VisualStudioVersion = 17.5.002.0
MinimumVisualStudioVersion = 10.0.40219.1
Project("{9A19103F-16F7-4668-BE54-9A1E7A4F7556}") = "MethodClassAssignment", "MethodClassAssignment\MethodClassAssignment.csproj", "{7C060428-FF22-465B-B772-77E22137DB84}"
EndProject
Global
	GlobalSection(SolutionConfigurationPlatforms) = preSolution
		Debug|Any CPU = Debug|Any CPU
		Release|Any CPU = Release|Any CPU
	EndGlobalSection
	GlobalSection(ProjectConfigurationPlatforms) = postSolution
		{7C060428-FF22-465B-B772-77E22137DB84}.Debug|Any CPU.ActiveCfg = Debug|Any CPU
		{7C060428-FF22-465B-B772-77E22137DB84}.Debug|Any CPU.Build.0 = Debug|Any CPU
		{7C060428-FF22-465B-B772-77E22137DB84}.Release|Any CPU.ActiveCfg = Release|Any CPU
		{7C060428-FF22-465B-B772-77E22137DB84}.Release|Any CPU.Build.0 = Release|Any CPU
	EndGlobalSection
	GlobalSection(SolutionProperties) = preSolution
		HideSolutionNode = FALSE
	EndGlobalSection
	GlobalSection(ExtensibilityGlobals) = postSolution
		SolutionGuid = {370F7C6A-E3C9-4688-8DDC-4DB3C5CF51FB}
	EndGlobalSection
EndGlobal
